
Microsoft Visual Studio Solution File, Format Version 12.00
# Visual Studio 2013
VisualStudioVersion = 12.0.30110.0
MinimumVisualStudioVersion = 10.0.40219.1
Project("{9092AA53-FB77-4645-B42D-1CCCA6BD08BD}") = "DanbabServerproject", "DanbabServerproject.njsproj", "{AC0D9407-CDD7-4F1F-878B-6B8B0C565FDE}"
EndProject
Global
	GlobalSection(SolutionConfigurationPlatforms) = preSolution
		Debug|Any CPU = Debug|Any CPU
		Release|Any CPU = Release|Any CPU
	EndGlobalSection
	GlobalSection(ProjectConfigurationPlatforms) = postSolution
		{AC0D9407-CDD7-4F1F-878B-6B8B0C565FDE}.Debug|Any CPU.ActiveCfg = Debug|Any CPU
		{AC0D9407-CDD7-4F1F-878B-6B8B0C565FDE}.Debug|Any CPU.Build.0 = Debug|Any CPU
		{AC0D9407-CDD7-4F1F-878B-6B8B0C565FDE}.Release|Any CPU.ActiveCfg = Release|Any CPU
		{AC0D9407-CDD7-4F1F-878B-6B8B0C565FDE}.Release|Any CPU.Build.0 = Release|Any CPU
	EndGlobalSection
	GlobalSection(SolutionProperties) = preSolution
		HideSolutionNode = FALSE
	EndGlobalSection
EndGlobal
